
Microsoft Visual Studio Solution File, Format Version 12.00
# Visual Studio Version 17
VisualStudioVersion = 17.0.32014.148
MinimumVisualStudioVersion = 10.0.40219.1
Project("{8BC9CEB8-8B4A-11D0-8D11-00A0C91BC942}") = "Lesson6", "Lesson6\Lesson6.vcxproj", "{D02981AD-DC15-496E-BA39-D194596D3FA2}"
EndProject
Project("{8BC9CEB8-8B4A-11D0-8D11-00A0C91BC942}") = "Lesson6_HW", "Lesson6_HW\Lesson6_HW.vcxproj", "{5EA67632-3CB5-4B70-B2B7-0934A510FEB6}"
EndProject
Global
	GlobalSection(SolutionConfigurationPlatforms) = preSolution
		Debug|x64 = Debug|x64
		Debug|x86 = Debug|x86
		Release|x64 = Release|x64
		Release|x86 = Release|x86
	EndGlobalSection
	GlobalSection(ProjectConfigurationPlatforms) = postSolution
		{D02981AD-DC15-496E-BA39-D194596D3FA2}.Debug|x64.ActiveCfg = Debug|x64
		{D02981AD-DC15-496E-BA39-D194596D3FA2}.Debug|x64.Build.0 = Debug|x64
		{D02981AD-DC15-496E-BA39-D194596D3FA2}.Debug|x86.ActiveCfg = Debug|Win32
		{D02981AD-DC15-496E-BA39-D194596D3FA2}.Debug|x86.Build.0 = Debug|Win32
		{D02981AD-DC15-496E-BA39-D194596D3FA2}.Release|x64.ActiveCfg = Release|x64
		{D02981AD-DC15-496E-BA39-D194596D3FA2}.Release|x64.Build.0 = Release|x64
		{D02981AD-DC15-496E-BA39-D194596D3FA2}.Release|x86.ActiveCfg = Release|Win32
		{D02981AD-DC15-496E-BA39-D194596D3FA2}.Release|x86.Build.0 = Release|Win32
		{5EA67632-3CB5-4B70-B2B7-0934A510FEB6}.Debug|x64.ActiveCfg = Debug|x64
		{5EA67632-3CB5-4B70-B2B7-0934A510FEB6}.Debug|x64.Build.0 = Debug|x64
		{5EA67632-3CB5-4B70-B2B7-0934A510FEB6}.Debug|x86.ActiveCfg = Debug|Win32
		{5EA67632-3CB5-4B70-B2B7-0934A510FEB6}.Debug|x86.Build.0 = Debug|Win32
		{5EA67632-3CB5-4B70-B2B7-0934A510FEB6}.Release|x64.ActiveCfg = Release|x64
		{5EA67632-3CB5-4B70-B2B7-0934A510FEB6}.Release|x64.Build.0 = Release|x64
		{5EA67632-3CB5-4B70-B2B7-0934A510FEB6}.Release|x86.ActiveCfg = Release|Win32
		{5EA67632-3CB5-4B70-B2B7-0934A510FEB6}.Release|x86.Build.0 = Release|Win32
	EndGlobalSection
	GlobalSection(SolutionProperties) = preSolution
		HideSolutionNode = FALSE
	EndGlobalSection
	GlobalSection(ExtensibilityGlobals) = postSolution
		SolutionGuid = {2969CBDA-A399-44E8-B7DE-BEF93D586D2D}
	EndGlobalSection
EndGlobal
